
Microsoft Visual Studio Solution File, Format Version 12.00
# Visual Studio Version 17
VisualStudioVersion = 17.2.32616.157
MinimumVisualStudioVersion = 10.0.40219.1
Project("{9A19103F-16F7-4668-BE54-9A1E7A4F7556}") = "ConsoleApp4", "ConsoleApp4\ConsoleApp4.csproj", "{3E5E0ADD-BAD8-4A6E-A299-7206B2511C6E}"
EndProject
Project("{FAE04EC0-301F-11D3-BF4B-00C04F79EFBC}") = "WpfApp1", "WpfApp1\WpfApp1.csproj", "{AB852ABC-8DE3-4D6B-B52B-C944DC27BBED}"
EndProject
Global
	GlobalSection(SolutionConfigurationPlatforms) = preSolution
		Debug|Any CPU = Debug|Any CPU
		Release|Any CPU = Release|Any CPU
	EndGlobalSection
	GlobalSection(ProjectConfigurationPlatforms) = postSolution
		{3E5E0ADD-BAD8-4A6E-A299-7206B2511C6E}.Debug|Any CPU.ActiveCfg = Debug|Any CPU
		{3E5E0ADD-BAD8-4A6E-A299-7206B2511C6E}.Debug|Any CPU.Build.0 = Debug|Any CPU
		{3E5E0ADD-BAD8-4A6E-A299-7206B2511C6E}.Release|Any CPU.ActiveCfg = Release|Any CPU
		{3E5E0ADD-BAD8-4A6E-A299-7206B2511C6E}.Release|Any CPU.Build.0 = Release|Any CPU
		{AB852ABC-8DE3-4D6B-B52B-C944DC27BBED}.Debug|Any CPU.ActiveCfg = Debug|Any CPU
		{AB852ABC-8DE3-4D6B-B52B-C944DC27BBED}.Debug|Any CPU.Build.0 = Debug|Any CPU
		{AB852ABC-8DE3-4D6B-B52B-C944DC27BBED}.Release|Any CPU.ActiveCfg = Release|Any CPU
		{AB852ABC-8DE3-4D6B-B52B-C944DC27BBED}.Release|Any CPU.Build.0 = Release|Any CPU
	EndGlobalSection
	GlobalSection(SolutionProperties) = preSolution
		HideSolutionNode = FALSE
	EndGlobalSection
	GlobalSection(ExtensibilityGlobals) = postSolution
		SolutionGuid = {426FC74D-F25F-4450-A514-8A4D2F750374}
	EndGlobalSection
EndGlobal
